
Microsoft Visual Studio Solution File, Format Version 12.00
# Visual Studio Version 16
VisualStudioVersion = 16.0.31005.135
MinimumVisualStudioVersion = 10.0.40219.1
Project("{FAE04EC0-301F-11D3-BF4B-00C04F79EFBC}") = "Staj - Not defteri uygulaması", "Staj - Not defteri uygulaması.csproj", "{0D694E91-C0D8-43DB-8F29-667871D18411}"
EndProject
Global
	GlobalSection(SolutionConfigurationPlatforms) = preSolution
		Debug|Any CPU = Debug|Any CPU
		Release|Any CPU = Release|Any CPU
	EndGlobalSection
	GlobalSection(ProjectConfigurationPlatforms) = postSolution
		{0D694E91-C0D8-43DB-8F29-667871D18411}.Debug|Any CPU.ActiveCfg = Debug|Any CPU
		{0D694E91-C0D8-43DB-8F29-667871D18411}.Debug|Any CPU.Build.0 = Debug|Any CPU
		{0D694E91-C0D8-43DB-8F29-667871D18411}.Release|Any CPU.ActiveCfg = Release|Any CPU
		{0D694E91-C0D8-43DB-8F29-667871D18411}.Release|Any CPU.Build.0 = Release|Any CPU
	EndGlobalSection
	GlobalSection(SolutionProperties) = preSolution
		HideSolutionNode = FALSE
	EndGlobalSection
	GlobalSection(ExtensibilityGlobals) = postSolution
		SolutionGuid = {2268C3CE-187C-4080-B98B-D5EC7D703F23}
	EndGlobalSection
EndGlobal
